
Microsoft Visual Studio Solution File, Format Version 12.00
# Visual Studio Version 16
VisualStudioVersion = 16.0.31005.135
MinimumVisualStudioVersion = 10.0.40219.1
Project("{9A19103F-16F7-4668-BE54-9A1E7A4F7556}") = "ReportCenter", "ReportCenter\ReportCenter.csproj", "{3FE5E0FD-4B88-4D35-B9DD-79474FE070EB}"
EndProject
Project("{9A19103F-16F7-4668-BE54-9A1E7A4F7556}") = "ReportCenterAPI", "ReportCenterAPI\ReportCenterAPI.csproj", "{7D2BBC0E-F3D6-4F0C-B5B5-D7E622FD1AF0}"
EndProject
Project("{00D1A9C2-B5F0-4AF3-8072-F6C62B433612}") = "DAL", "DAL\DAL.sqlproj", "{E51CD61E-B157-403C-BD52-9D7345C3C460}"
EndProject
Project("{9A19103F-16F7-4668-BE54-9A1E7A4F7556}") = "ReportCenterAPI.Library", "ReportCenterAPI.Library\ReportCenterAPI.Library.csproj", "{D254BEFB-1308-4A27-BDAA-1567CACB8ADD}"
EndProject
Global
	GlobalSection(SolutionConfigurationPlatforms) = preSolution
		Debug|Any CPU = Debug|Any CPU
		Release|Any CPU = Release|Any CPU
	EndGlobalSection
	GlobalSection(ProjectConfigurationPlatforms) = postSolution
		{3FE5E0FD-4B88-4D35-B9DD-79474FE070EB}.Debug|Any CPU.ActiveCfg = Debug|Any CPU
		{3FE5E0FD-4B88-4D35-B9DD-79474FE070EB}.Debug|Any CPU.Build.0 = Debug|Any CPU
		{3FE5E0FD-4B88-4D35-B9DD-79474FE070EB}.Release|Any CPU.ActiveCfg = Release|Any CPU
		{3FE5E0FD-4B88-4D35-B9DD-79474FE070EB}.Release|Any CPU.Build.0 = Release|Any CPU
		{7D2BBC0E-F3D6-4F0C-B5B5-D7E622FD1AF0}.Debug|Any CPU.ActiveCfg = Debug|Any CPU
		{7D2BBC0E-F3D6-4F0C-B5B5-D7E622FD1AF0}.Debug|Any CPU.Build.0 = Debug|Any CPU
		{7D2BBC0E-F3D6-4F0C-B5B5-D7E622FD1AF0}.Release|Any CPU.ActiveCfg = Release|Any CPU
		{7D2BBC0E-F3D6-4F0C-B5B5-D7E622FD1AF0}.Release|Any CPU.Build.0 = Release|Any CPU
		{E51CD61E-B157-403C-BD52-9D7345C3C460}.Debug|Any CPU.ActiveCfg = Debug|Any CPU
		{E51CD61E-B157-403C-BD52-9D7345C3C460}.Debug|Any CPU.Build.0 = Debug|Any CPU
		{E51CD61E-B157-403C-BD52-9D7345C3C460}.Debug|Any CPU.Deploy.0 = Debug|Any CPU
		{E51CD61E-B157-403C-BD52-9D7345C3C460}.Release|Any CPU.ActiveCfg = Release|Any CPU
		{E51CD61E-B157-403C-BD52-9D7345C3C460}.Release|Any CPU.Build.0 = Release|Any CPU
		{E51CD61E-B157-403C-BD52-9D7345C3C460}.Release|Any CPU.Deploy.0 = Release|Any CPU
		{D254BEFB-1308-4A27-BDAA-1567CACB8ADD}.Debug|Any CPU.ActiveCfg = Debug|Any CPU
		{D254BEFB-1308-4A27-BDAA-1567CACB8ADD}.Debug|Any CPU.Build.0 = Debug|Any CPU
		{D254BEFB-1308-4A27-BDAA-1567CACB8ADD}.Release|Any CPU.ActiveCfg = Release|Any CPU
		{D254BEFB-1308-4A27-BDAA-1567CACB8ADD}.Release|Any CPU.Build.0 = Release|Any CPU
	EndGlobalSection
	GlobalSection(SolutionProperties) = preSolution
		HideSolutionNode = FALSE
	EndGlobalSection
	GlobalSection(ExtensibilityGlobals) = postSolution
		SolutionGuid = {DEDB1A81-F44E-484C-8B66-B2FBA92174DB}
	EndGlobalSection
EndGlobal
